
Microsoft Visual Studio Solution File, Format Version 12.00
# Visual Studio Version 16
VisualStudioVersion = 16.0.31105.61
MinimumVisualStudioVersion = 10.0.40219.1
Project("{FAE04EC0-301F-11D3-BF4B-00C04F79EFBC}") = "Breakthrough", "Breakthrough\Breakthrough.csproj", "{F5550DC9-1C25-4D1F-B0A4-30096704E92A}"
EndProject
Global
	GlobalSection(SolutionConfigurationPlatforms) = preSolution
		Debug|Any CPU = Debug|Any CPU
		Release|Any CPU = Release|Any CPU
	EndGlobalSection
	GlobalSection(ProjectConfigurationPlatforms) = postSolution
		{F5550DC9-1C25-4D1F-B0A4-30096704E92A}.Debug|Any CPU.ActiveCfg = Debug|Any CPU
		{F5550DC9-1C25-4D1F-B0A4-30096704E92A}.Debug|Any CPU.Build.0 = Debug|Any CPU
		{F5550DC9-1C25-4D1F-B0A4-30096704E92A}.Release|Any CPU.ActiveCfg = Release|Any CPU
		{F5550DC9-1C25-4D1F-B0A4-30096704E92A}.Release|Any CPU.Build.0 = Release|Any CPU
	EndGlobalSection
	GlobalSection(SolutionProperties) = preSolution
		HideSolutionNode = FALSE
	EndGlobalSection
	GlobalSection(ExtensibilityGlobals) = postSolution
		SolutionGuid = {FDF42F63-5575-4363-B556-F4EA321F8E4B}
	EndGlobalSection
EndGlobal
